
Microsoft Visual Studio Solution File, Format Version 12.00
# Visual Studio Version 16
VisualStudioVersion = 16.0.31019.35
MinimumVisualStudioVersion = 10.0.40219.1
Project("{2150E333-8FDC-42A3-9474-1A3956D46DE8}") = "Session2", "Session2", "{71537131-B047-40CE-BEA8-AF29EE8CB23A}"
EndProject
Project("{9A19103F-16F7-4668-BE54-9A1E7A4F7556}") = "Api", "Session2\Api\Api.csproj", "{3D626616-FC8E-4BBC-B6BB-7F93CBDD1927}"
EndProject
Project("{9A19103F-16F7-4668-BE54-9A1E7A4F7556}") = "MvcClient", "Session2\MvcClient\MvcClient.csproj", "{1430EDC8-6925-4CDC-B141-22A916954CD7}"
EndProject
Project("{9A19103F-16F7-4668-BE54-9A1E7A4F7556}") = "ConsoleClient", "Session2\ConsoleClient\ConsoleClient.csproj", "{C2A913D5-8C42-4FFF-B8D0-CB763A7184E2}"
EndProject
Project("{2150E333-8FDC-42A3-9474-1A3956D46DE8}") = "Session5", "Session5", "{1C98251D-B35D-4D50-94B4-9E9C28CCA0D4}"
EndProject
Project("{2150E333-8FDC-42A3-9474-1A3956D46DE8}") = "STS", "STS", "{8EFDE804-1666-407B-B4D4-4E2E995B22D7}"
EndProject
Project("{2150E333-8FDC-42A3-9474-1A3956D46DE8}") = "Resources", "Resources", "{065EEF73-6FC2-436A-ACE7-E4D2BF270099}"
EndProject
Project("{2150E333-8FDC-42A3-9474-1A3956D46DE8}") = "Clients", "Clients", "{12594CB9-B23E-46F6-9920-B3A9E5699B4E}"
EndProject
Project("{9A19103F-16F7-4668-BE54-9A1E7A4F7556}") = "STS", "Sesstion5\STS\STS.csproj", "{92EE15AB-AD62-4D56-B92C-E6C0283EF443}"
EndProject
Project("{9A19103F-16F7-4668-BE54-9A1E7A4F7556}") = "RazorClientAuthOnly", "Sesstion5\Clients\RazorClientAuthOnly\RazorClientAuthOnly.csproj", "{48309168-CD2A-4B09-B531-433B4054CDB5}"
EndProject
Project("{2150E333-8FDC-42A3-9474-1A3956D46DE8}") = "ReactClient", "ReactClient", "{022C6786-2DE5-482B-A41C-AD2184147863}"
EndProject
Global
	GlobalSection(SolutionConfigurationPlatforms) = preSolution
		Debug|Any CPU = Debug|Any CPU
		Release|Any CPU = Release|Any CPU
	EndGlobalSection
	GlobalSection(ProjectConfigurationPlatforms) = postSolution
		{3D626616-FC8E-4BBC-B6BB-7F93CBDD1927}.Debug|Any CPU.ActiveCfg = Debug|Any CPU
		{3D626616-FC8E-4BBC-B6BB-7F93CBDD1927}.Debug|Any CPU.Build.0 = Debug|Any CPU
		{3D626616-FC8E-4BBC-B6BB-7F93CBDD1927}.Release|Any CPU.ActiveCfg = Release|Any CPU
		{3D626616-FC8E-4BBC-B6BB-7F93CBDD1927}.Release|Any CPU.Build.0 = Release|Any CPU
		{1430EDC8-6925-4CDC-B141-22A916954CD7}.Debug|Any CPU.ActiveCfg = Debug|Any CPU
		{1430EDC8-6925-4CDC-B141-22A916954CD7}.Debug|Any CPU.Build.0 = Debug|Any CPU
		{1430EDC8-6925-4CDC-B141-22A916954CD7}.Release|Any CPU.ActiveCfg = Release|Any CPU
		{1430EDC8-6925-4CDC-B141-22A916954CD7}.Release|Any CPU.Build.0 = Release|Any CPU
		{C2A913D5-8C42-4FFF-B8D0-CB763A7184E2}.Debug|Any CPU.ActiveCfg = Debug|Any CPU
		{C2A913D5-8C42-4FFF-B8D0-CB763A7184E2}.Debug|Any CPU.Build.0 = Debug|Any CPU
		{C2A913D5-8C42-4FFF-B8D0-CB763A7184E2}.Release|Any CPU.ActiveCfg = Release|Any CPU
		{C2A913D5-8C42-4FFF-B8D0-CB763A7184E2}.Release|Any CPU.Build.0 = Release|Any CPU
		{92EE15AB-AD62-4D56-B92C-E6C0283EF443}.Debug|Any CPU.ActiveCfg = Debug|Any CPU
		{92EE15AB-AD62-4D56-B92C-E6C0283EF443}.Debug|Any CPU.Build.0 = Debug|Any CPU
		{92EE15AB-AD62-4D56-B92C-E6C0283EF443}.Release|Any CPU.ActiveCfg = Release|Any CPU
		{92EE15AB-AD62-4D56-B92C-E6C0283EF443}.Release|Any CPU.Build.0 = Release|Any CPU
		{48309168-CD2A-4B09-B531-433B4054CDB5}.Debug|Any CPU.ActiveCfg = Debug|Any CPU
		{48309168-CD2A-4B09-B531-433B4054CDB5}.Debug|Any CPU.Build.0 = Debug|Any CPU
		{48309168-CD2A-4B09-B531-433B4054CDB5}.Release|Any CPU.ActiveCfg = Release|Any CPU
		{48309168-CD2A-4B09-B531-433B4054CDB5}.Release|Any CPU.Build.0 = Release|Any CPU
	EndGlobalSection
	GlobalSection(SolutionProperties) = preSolution
		HideSolutionNode = FALSE
	EndGlobalSection
	GlobalSection(NestedProjects) = preSolution
		{3D626616-FC8E-4BBC-B6BB-7F93CBDD1927} = {71537131-B047-40CE-BEA8-AF29EE8CB23A}
		{1430EDC8-6925-4CDC-B141-22A916954CD7} = {71537131-B047-40CE-BEA8-AF29EE8CB23A}
		{C2A913D5-8C42-4FFF-B8D0-CB763A7184E2} = {71537131-B047-40CE-BEA8-AF29EE8CB23A}
		{8EFDE804-1666-407B-B4D4-4E2E995B22D7} = {1C98251D-B35D-4D50-94B4-9E9C28CCA0D4}
		{065EEF73-6FC2-436A-ACE7-E4D2BF270099} = {1C98251D-B35D-4D50-94B4-9E9C28CCA0D4}
		{12594CB9-B23E-46F6-9920-B3A9E5699B4E} = {1C98251D-B35D-4D50-94B4-9E9C28CCA0D4}
		{92EE15AB-AD62-4D56-B92C-E6C0283EF443} = {8EFDE804-1666-407B-B4D4-4E2E995B22D7}
		{48309168-CD2A-4B09-B531-433B4054CDB5} = {12594CB9-B23E-46F6-9920-B3A9E5699B4E}
		{022C6786-2DE5-482B-A41C-AD2184147863} = {12594CB9-B23E-46F6-9920-B3A9E5699B4E}
	EndGlobalSection
	GlobalSection(ExtensibilityGlobals) = postSolution
		SolutionGuid = {6AC2DF28-F228-4DEB-AD30-95D47039659F}
	EndGlobalSection
EndGlobal
